
Microsoft Visual Studio Solution File, Format Version 12.00
# Visual Studio Version 17
VisualStudioVersion = 17.6.33815.320
MinimumVisualStudioVersion = 10.0.40219.1
Project("{9A19103F-16F7-4668-BE54-9A1E7A4F7556}") = "RateLimiting", "RateLimiting\RateLimiting.csproj", "{0578F896-7B24-4C74-B8D8-EAAB25F5FBF9}"
EndProject
Global
	GlobalSection(SolutionConfigurationPlatforms) = preSolution
		Debug|Any CPU = Debug|Any CPU
		Release|Any CPU = Release|Any CPU
	EndGlobalSection
	GlobalSection(ProjectConfigurationPlatforms) = postSolution
		{0578F896-7B24-4C74-B8D8-EAAB25F5FBF9}.Debug|Any CPU.ActiveCfg = Debug|Any CPU
		{0578F896-7B24-4C74-B8D8-EAAB25F5FBF9}.Debug|Any CPU.Build.0 = Debug|Any CPU
		{0578F896-7B24-4C74-B8D8-EAAB25F5FBF9}.Release|Any CPU.ActiveCfg = Release|Any CPU
		{0578F896-7B24-4C74-B8D8-EAAB25F5FBF9}.Release|Any CPU.Build.0 = Release|Any CPU
	EndGlobalSection
	GlobalSection(SolutionProperties) = preSolution
		HideSolutionNode = FALSE
	EndGlobalSection
	GlobalSection(ExtensibilityGlobals) = postSolution
		SolutionGuid = {9DFED68E-C812-4F94-A4F6-B3E9267142AF}
	EndGlobalSection
EndGlobal
